# This file is automatically @generated by Cargo.
# It is not intended for manual editing.
version = 4

[[package]]
name = "anyhow"
version = "1.0.104"
source = "registry+https://github.com/rust-lang/crates.io-index"
checksum = "330a5ed07fa54e4702c9d6c4174f74427fc0ef6e214bbd677ae50a5099946470"

[[package]]
name = "arbitrary-int"
version = "2.2.0"
source = "registry+https://github.com/rust-lang/crates.io-index"
checksum = "0ab387a0c4143b4fd3804e193946e78c8ab16cf26c5fde2048e4ac3d618c3b64"

[[package]]
name = "attrs"
version = "0.2.9"
source = "registry+https://github.com/rust-lang/crates.io-index"
checksum = "2a207d40f43de65285f3de0509bb6cb16bc46098864fce957122bbacce327e5f"
dependencies = [
 "proc-macro2",
 "syn 2.0.104",
]

[[package]]
name = "bilge"
version = "0.5.0"
source = "registry+https://github.com/rust-lang/crates.io-index"
checksum = "ce06e2f5d1e0c7905e6ccbfa5dca192471a5e821cb686d20816e63750795ffb2"
dependencies = [
 "arbitrary-int",
 "bilge-impl",
]

[[package]]
name = "bilge-impl"
version = "0.5.0"
source = "registry+https://github.com/rust-lang/crates.io-index"
checksum = "a2b578a200457fce52407a0a75734057c6f35c1f3237e2c200a102a0efa8d6b6"
dependencies = [
 "itertools",
 "manyhow",
 "proc-macro2",
 "quote",
 "syn 2.0.104",
]

[[package]]
name = "bits"
version = "0.1.0"
dependencies = [
 "qemu_macros",
]

[[package]]
name = "bql"
version = "0.1.0"
dependencies = [
 "glib-sys",
 "util-sys",
]

[[package]]
name = "cfg-expr"
version = "0.20.3"
source = "registry+https://github.com/rust-lang/crates.io-index"
checksum = "1a2c5f3bf25ec225351aa1c8e230d04d880d3bd89dea133537dafad4ae291e5c"
dependencies = [
 "smallvec",
 "target-lexicon",
]

[[package]]
name = "chardev"
version = "0.1.0"
dependencies = [
 "bql",
 "chardev-sys",
 "common",
 "glib-sys",
 "migration",
 "qom",
 "util",
]

[[package]]
name = "chardev-sys"
version = "0.1.0"
dependencies = [
 "common",
 "glib-sys",
 "qom-sys",
 "util-sys",
]

[[package]]
name = "common"
version = "0.1.0"
dependencies = [
 "libc",
 "qemu_macros",
]

[[package]]
name = "either"
version = "1.12.0"
source = "registry+https://github.com/rust-lang/crates.io-index"
checksum = "3dca9240753cf90908d7e4aac30f630662b02aebaa1b58a3cadabdb23385b58b"

[[package]]
name = "equivalent"
version = "1.0.2"
source = "registry+https://github.com/rust-lang/crates.io-index"
checksum = "877a4ace8713b0bcf2a4e7eec82529c029f1d0619886d18145fea96c3ffe5c0f"

[[package]]
name = "foreign"
version = "0.4.0"
source = "registry+https://github.com/rust-lang/crates.io-index"
checksum = "2292704c239c26962ac5c32d53057c442ca5a2bf017fca5c95c342271058e4c2"
dependencies = [
 "libc",
 "rustc_version",
]

[[package]]
name = "glib-sys"
version = "0.22.9"
source = "registry+https://github.com/rust-lang/crates.io-index"
checksum = "99b38907e67e40dec9b60f858bcada952598719cb512a13eb13d6cdcd16f8295"
dependencies = [
 "libc",
 "system-deps",
]

[[package]]
name = "hashbrown"
version = "0.17.1"
source = "registry+https://github.com/rust-lang/crates.io-index"
checksum = "ed5909b6e89a2db4456e54cd5f673791d7eca6732202bbf2a9cc504fe2f9b84a"

[[package]]
name = "heck"
version = "0.5.0"
source = "registry+https://github.com/rust-lang/crates.io-index"
checksum = "2304e00983f87ffb38b55b444b5e3b60a884b5d30c0fca7d82fe33449bbe55ea"

[[package]]
name = "hpet"
version = "0.1.0"
dependencies = [
 "bql",
 "common",
 "hwcore",
 "migration",
 "qom",
 "system",
 "trace",
 "util",
]

[[package]]
name = "hwcore"
version = "0.1.0"
dependencies = [
 "bql",
 "chardev",
 "common",
 "glib-sys",
 "hwcore-sys",
 "migration",
 "qemu_macros",
 "qom",
 "util",
]

[[package]]
name = "hwcore-sys"
version = "0.1.0"
dependencies = [
 "chardev-sys",
 "common",
 "glib-sys",
 "migration-sys",
 "qom-sys",
 "util-sys",
]

[[package]]
name = "indexmap"
version = "2.14.2"
source = "registry+https://github.com/rust-lang/crates.io-index"
checksum = "cc4e190f5d26ca7051642629da2c52fc03bde85a03197c99408dcd291734c855"
dependencies = [
 "equivalent",
 "hashbrown",
]

[[package]]
name = "itertools"
version = "0.15.0"
source = "registry+https://github.com/rust-lang/crates.io-index"
checksum = "8b4baf93f58d4425749ca49a51c50ebab072c5df6994d08fed93541c331481dc"
dependencies = [
 "either",
]

[[package]]
name = "libc"
version = "0.2.189"
source = "registry+https://github.com/rust-lang/crates.io-index"
checksum = "3eaf3ede3fee6db1a4c2ee091bf8a8b4dccdc6d17f656fb07896ee72867612f2"

[[package]]
name = "manyhow"
version = "0.13.0"
source = "registry+https://github.com/rust-lang/crates.io-index"
checksum = "e480c047342e73ccc05fb821f0953512868b9257c2559b22a7e3efafc4aad85d"
dependencies = [
 "manyhow-macros",
 "proc-macro2",
 "quote",
 "syn 2.0.104",
]

[[package]]
name = "manyhow-macros"
version = "0.13.0"
source = "registry+https://github.com/rust-lang/crates.io-index"
checksum = "c3330ca83c69fe1691d12126d522dda965e58735ac26052580f95f56e4169ec4"
dependencies = [
 "proc-macro-utils",
 "proc-macro2",
 "quote",
]

[[package]]
name = "migration"
version = "0.1.0"
dependencies = [
 "bql",
 "common",
 "glib-sys",
 "migration-sys",
 "qemu_macros",
 "util",
]

[[package]]
name = "migration-sys"
version = "0.1.0"
dependencies = [
 "common",
 "glib-sys",
 "util-sys",
]

[[package]]
name = "pkg-config"
version = "0.3.34"
source = "registry+https://github.com/rust-lang/crates.io-index"
checksum = "f6b464fbc74e149a392436b17d523f769e057cb6877f6a5c4618bc6f11800548"

[[package]]
name = "pl011"
version = "0.1.0"
dependencies = [
 "bilge",
 "bilge-impl",
 "bits",
 "bql",
 "chardev",
 "common",
 "glib-sys",
 "hwcore",
 "migration",
 "qom",
 "system",
 "trace",
 "util",
]

[[package]]
name = "probe"
version = "0.5.2"
source = "registry+https://github.com/rust-lang/crates.io-index"
checksum = "136558b6e1ebaecc92755d0ffaf9421f519531bed30cc2ad23b22cb00965cc5e"

[[package]]
name = "proc-macro-utils"
version = "0.10.0"
source = "registry+https://github.com/rust-lang/crates.io-index"
checksum = "eeaf08a13de400bc215877b5bdc088f241b12eb42f0a548d3390dc1c56bb7071"
dependencies = [
 "proc-macro2",
 "quote",
 "smallvec",
]

[[package]]
name = "proc-macro2"
version = "1.0.95"
source = "registry+https://github.com/rust-lang/crates.io-index"
checksum = "02b3e5e68a3a1a02aad3ec490a98007cbc13c37cbe84a3cd7b8e406d76e7f778"
dependencies = [
 "unicode-ident",
]

[[package]]
name = "qemu_macros"
version = "0.1.0"
dependencies = [
 "attrs",
 "proc-macro2",
 "quote",
 "syn 2.0.104",
]

[[package]]
name = "qom"
version = "0.1.0"
dependencies = [
 "bql",
 "common",
 "glib-sys",
 "migration",
 "qemu_macros",
 "qom-sys",
 "util",
]

[[package]]
name = "qom-sys"
version = "0.1.0"
dependencies = [
 "glib-sys",
 "util-sys",
]

[[package]]
name = "quote"
version = "1.0.36"
source = "registry+https://github.com/rust-lang/crates.io-index"
checksum = "0fa76aaf39101c457836aec0ce2316dbdc3ab723cdda1c6bd4e6ad4208acaca7"
dependencies = [
 "proc-macro2",
]

[[package]]
name = "rustc_version"
version = "0.4.1"
source = "registry+https://github.com/rust-lang/crates.io-index"
checksum = "cfcb3a22ef46e85b45de6ee7e79d063319ebb6594faafcf1c225ea92ab6e9b92"
dependencies = [
 "semver",
]

[[package]]
name = "semver"
version = "1.0.28"
source = "registry+https://github.com/rust-lang/crates.io-index"
checksum = "8a7852d02fc848982e0c167ef163aaff9cd91dc640ba85e263cb1ce46fae51cd"

[[package]]
name = "serde_core"
version = "1.0.229"
source = "registry+https://github.com/rust-lang/crates.io-index"
checksum = "67dca2c9c51e58a4791a4b1ed58308b39c64224d349a935ab5039aa360942a48"
dependencies = [
 "serde_derive",
]

[[package]]
name = "serde_derive"
version = "1.0.229"
source = "registry+https://github.com/rust-lang/crates.io-index"
checksum = "e7a5d71263a5a7d47b41f6b3f06ba276f10cc18b0931f1799f710578e2309348"
dependencies = [
 "proc-macro2",
 "quote",
 "syn 3.0.6",
]

[[package]]
name = "serde_spanned"
version = "1.1.1"
source = "registry+https://github.com/rust-lang/crates.io-index"
checksum = "6662b5879511e06e8999a8a235d848113e942c9124f211511b16466ee2995f26"
dependencies = [
 "serde_core",
]

[[package]]
name = "smallvec"
version = "1.15.1"
source = "registry+https://github.com/rust-lang/crates.io-index"
checksum = "67b1b7a3b5fe4f1376887184045fcf45c69e92af734b7aaddc05fb777b6fbd03"

[[package]]
name = "syn"
version = "2.0.104"
source = "registry+https://github.com/rust-lang/crates.io-index"
checksum = "17b6f705963418cdb9927482fa304bc562ece2fdd4f616084c50b7023b435a40"
dependencies = [
 "proc-macro2",
 "quote",
 "unicode-ident",
]

[[package]]
name = "syn"
version = "3.0.6"
source = "registry+https://github.com/rust-lang/crates.io-index"
checksum = "8593e8e72159ed2257d083c7a454a85cbf854f37a0966d8d483aff8c8a3ebcee"
dependencies = [
 "proc-macro2",
 "quote",
 "unicode-ident",
]

[[package]]
name = "system"
version = "0.1.0"
dependencies = [
 "bql",
 "common",
 "glib-sys",
 "hwcore",
 "migration",
 "qom",
 "system-sys",
 "util",
]

[[package]]
name = "system-deps"
version = "9.0.0"
source = "registry+https://github.com/rust-lang/crates.io-index"
checksum = "8a0dae2cbca1f0ff93795713cfe0a4c02f760e3c0b8ae2ab4ec4045808ff429f"
dependencies = [
 "cfg-expr",
 "heck",
 "pkg-config",
 "toml",
 "version-compare",
]

[[package]]
name = "system-sys"
version = "0.1.0"
dependencies = [
 "common",
 "glib-sys",
 "hwcore-sys",
 "migration-sys",
 "qom-sys",
 "util-sys",
]

[[package]]
name = "target-lexicon"
version = "0.13.2"
source = "registry+https://github.com/rust-lang/crates.io-index"
checksum = "e502f78cdbb8ba4718f566c418c52bc729126ffd16baee5baa718cf25dd5a69a"

[[package]]
name = "tests"
version = "0.1.0"
dependencies = [
 "bql",
 "chardev",
 "common",
 "hwcore",
 "migration",
 "qom",
 "system",
 "util",
]

[[package]]
name = "toml"
version = "1.1.6+spec-1.1.0"
source = "registry+https://github.com/rust-lang/crates.io-index"
checksum = "920602543f0911ab71da12c50d59701da54c196d1a2bf5cb4b75667f137a406a"
dependencies = [
 "indexmap",
 "serde_core",
 "serde_spanned",
 "toml_datetime",
 "toml_parser",
 "toml_writer",
 "winnow",
]

[[package]]
name = "toml_datetime"
version = "1.1.1+spec-1.1.0"
source = "registry+https://github.com/rust-lang/crates.io-index"
checksum = "3165f65f62e28e0115a00b2ebdd37eb6f3b641855f9d636d3cd4103767159ad7"
dependencies = [
 "serde_core",
]

[[package]]
name = "toml_parser"
version = "1.1.3+spec-1.1.0"
source = "registry+https://github.com/rust-lang/crates.io-index"
checksum = "1d38ac1cf9b95face32296c0a3ede1fdc270627c9d9c02a7274dd6d960dc4d56"
dependencies = [
 "winnow",
]

[[package]]
name = "toml_writer"
version = "1.1.2+spec-1.1.0"
source = "registry+https://github.com/rust-lang/crates.io-index"
checksum = "7d56353a2a665ad0f41a421187180aab746c8c325620617ad883a99a1cbe66d2"

[[package]]
name = "trace"
version = "0.1.0"
dependencies = [
 "libc",
 "probe",
]

[[package]]
name = "unicode-ident"
version = "1.0.12"
source = "registry+https://github.com/rust-lang/crates.io-index"
checksum = "3354b9ac3fae1ff6755cb6db53683adb661634f67557942dea4facebec0fee4b"

[[package]]
name = "util"
version = "0.1.0"
dependencies = [
 "anyhow",
 "common",
 "foreign",
 "glib-sys",
 "libc",
 "util-sys",
]

[[package]]
name = "util-sys"
version = "0.1.0"
dependencies = [
 "glib-sys",
]

[[package]]
name = "version-compare"
version = "0.2.0"
source = "registry+https://github.com/rust-lang/crates.io-index"
checksum = "852e951cb7832cb45cb1169900d19760cfa39b82bc0ea9c0e5a14ae88411c98b"

[[package]]
name = "winnow"
version = "1.0.4"
source = "registry+https://github.com/rust-lang/crates.io-index"
checksum = "23b97319f7b8343df12cc98938e5c3eb436064524c8d2b4e30a1d3a36eecdf81"
